{
  "name": "@appsignal/nextjs",
  "version": "1.0.7",
  "lockfileVersion": 1,
  "requires": true,
  "dependencies": {
    "@appsignal/types": {
      "version": "2.0.4",
      "resolved": "https://registry.npmjs.org/@appsignal/types/-/types-2.0.4.tgz",
      "integrity": "sha512-Wa94nhFHEOyy6sS4Bq53iet9ju/PncZ51bGZc9h1fnR8ga0Zpo7TpL/CLW9bJqgbLIDa/hg0PxnhVfvBsSXK/A=="
    },
    "tslib": {
      "version": "2.0.3",
      "resolved": "https://registry.npmjs.org/tslib/-/tslib-2.0.3.tgz",
      "integrity": "sha512-uZtkfKblCEQtZKBF6EBXVZeQNl82yqtDQdv+eck8u7tdPxjLu2/lp5/uPW+um2tpuxINHWy3GhiccY7QgEaVHQ=="
    }
  }
}
