{
  "name": "@appsignal/express",
  "version": "1.0.7",
  "lockfileVersion": 1,
  "requires": true,
  "dependencies": {
    "@appsignal/types": {
      "version": "2.0.4",
      "resolved": "https://registry.npmjs.org/@appsignal/types/-/types-2.0.4.tgz",
      "integrity": "sha512-Wa94nhFHEOyy6sS4Bq53iet9ju/PncZ51bGZc9h1fnR8ga0Zpo7TpL/CLW9bJqgbLIDa/hg0PxnhVfvBsSXK/A=="
    },
    "tslib": {
      "version": "2.1.0",
      "resolved": "https://registry.npmjs.org/tslib/-/tslib-2.1.0.tgz",
      "integrity": "sha512-hcVC3wYEziELGGmEEXue7D75zbwIIVUMWAVbHItGPx0ziyXxrOMQx4rQEVEV45Ut/1IotuEvwqPopzIOkDMf0A=="
    }
  }
}
